
Microsoft Visual Studio Solution File, Format Version 12.00
Project("{FAE04EC0-301F-11D3-BF4B-00C04F79EFBC}") = "BankEngine", "BankEngine\BankEngine.csproj", "{D0BB936C-A62A-4BA3-B19D-FD7B1163DD32}"
EndProject
Project("{FAE04EC0-301F-11D3-BF4B-00C04F79EFBC}") = "ConsoleBank", "ConsoleBank\ConsoleBank.csproj", "{D45237D1-3F3A-4634-B7E9-7D67AC602FA4}"
EndProject
Project("{FAE04EC0-301F-11D3-BF4B-00C04F79EFBC}") = "BankEngineTests", "BankEngineTests\BankEngineTests.csproj", "{D89249E5-E29A-40CA-A42A-C1F924F0409A}"
EndProject
Project("{FAE04EC0-301F-11D3-BF4B-00C04F79EFBC}") = "BankEngine.Tests", "BankEngine.Tests\BankEngine.Tests.csproj", "{B1506C19-ABEC-47DF-B91A-F1257AFB77A2}"
EndProject
Global
	GlobalSection(SolutionConfigurationPlatforms) = preSolution
		Debug|Any CPU = Debug|Any CPU
		Release|Any CPU = Release|Any CPU
	EndGlobalSection
	GlobalSection(ProjectConfigurationPlatforms) = postSolution
		{D0BB936C-A62A-4BA3-B19D-FD7B1163DD32}.Debug|Any CPU.ActiveCfg = Debug|Any CPU
		{D0BB936C-A62A-4BA3-B19D-FD7B1163DD32}.Debug|Any CPU.Build.0 = Debug|Any CPU
		{D0BB936C-A62A-4BA3-B19D-FD7B1163DD32}.Release|Any CPU.ActiveCfg = Release|Any CPU
		{D0BB936C-A62A-4BA3-B19D-FD7B1163DD32}.Release|Any CPU.Build.0 = Release|Any CPU
		{D45237D1-3F3A-4634-B7E9-7D67AC602FA4}.Debug|Any CPU.ActiveCfg = Debug|Any CPU
		{D45237D1-3F3A-4634-B7E9-7D67AC602FA4}.Debug|Any CPU.Build.0 = Debug|Any CPU
		{D45237D1-3F3A-4634-B7E9-7D67AC602FA4}.Release|Any CPU.ActiveCfg = Release|Any CPU
		{D45237D1-3F3A-4634-B7E9-7D67AC602FA4}.Release|Any CPU.Build.0 = Release|Any CPU
		{D89249E5-E29A-40CA-A42A-C1F924F0409A}.Debug|Any CPU.ActiveCfg = Debug|Any CPU
		{D89249E5-E29A-40CA-A42A-C1F924F0409A}.Debug|Any CPU.Build.0 = Debug|Any CPU
		{D89249E5-E29A-40CA-A42A-C1F924F0409A}.Release|Any CPU.ActiveCfg = Release|Any CPU
		{D89249E5-E29A-40CA-A42A-C1F924F0409A}.Release|Any CPU.Build.0 = Release|Any CPU
		{B1506C19-ABEC-47DF-B91A-F1257AFB77A2}.Debug|Any CPU.ActiveCfg = Debug|Any CPU
		{B1506C19-ABEC-47DF-B91A-F1257AFB77A2}.Debug|Any CPU.Build.0 = Debug|Any CPU
		{B1506C19-ABEC-47DF-B91A-F1257AFB77A2}.Release|Any CPU.ActiveCfg = Release|Any CPU
		{B1506C19-ABEC-47DF-B91A-F1257AFB77A2}.Release|Any CPU.Build.0 = Release|Any CPU
	EndGlobalSection
EndGlobal
